<?xml version="1.0" encoding="utf-8"?>
<Project ToolsVersion="4.0" xmlns="http://schemas.microsoft.com/developer/msbuild/2003">
  <ItemGroup>
    <ClCompile Include="main.cpp"><Filter>Source</Filter></ClCompile>
    <ClCompile Include="settings.cpp"><Filter>Source</Filter></ClCompile>
    <ClCompile Include="shell_tray.cpp"><Filter>Source</Filter></ClCompile>
  </ItemGroup>
  <ItemGroup>
    <ClInclude Include="cache_format.h"><Filter>Header</Filter></ClInclude>
    <ClInclude Include="resource.h"><Filter>Header</Filter></ClInclude>
    <ClInclude Include="settings.hpp"><Filter>Header</Filter></ClInclude>
    <ClInclude Include="shell_tray.hpp"><Filter>Header</Filter></ClInclude>
  </ItemGroup>
  <ItemGroup>
    <ResourceCompile Include="TDSWin32.rc"><Filter>Resource</Filter></ResourceCompile>
    <None Include="app.manifest"><Filter>Resource</Filter></None>
  </ItemGroup>
  <ItemGroup>
    <Filter Include="Source"><UniqueIdentifier>{c1c1c1c1-0003-0003-0003-000000000003}</UniqueIdentifier></Filter>
    <Filter Include="Header"><UniqueIdentifier>{d1d1d1d1-0004-0004-0004-000000000004}</UniqueIdentifier></Filter>
    <Filter Include="Resource"><UniqueIdentifier>{e1e1e1e1-0005-0005-0005-000000000005}</UniqueIdentifier></Filter>
  </ItemGroup>
</Project>
