
Microsoft Visual Studio Solution File, Format Version 12.00
# Visual Studio Version 17
VisualStudioVersion = 17.14.36221.1
MinimumVisualStudioVersion = 10.0.40219.1
Project("{FAE04EC0-301F-11D3-BF4B-00C04F79EFBC}") = "TDS", "TDSAot\TDS.csproj", "{3543010B-FD6B-472F-A503-1EFF096082E1}"
EndProject
Project("{FAE04EC0-301F-11D3-BF4B-00C04F79EFBC}") = "EngineCore", "EngineCore\EngineCore.csproj", "{9C0EF24B-5C0C-4D59-BC8E-C76A15AC0383}"
EndProject
Project("{8BC9CEB8-8B4A-11D0-8D11-00A0C91BC942}") = "ProxyLibs", "ProxyLibs\ProxyLibs.vcxproj", "{51FB01BD-8D3F-4984-B71C-089F331F64DF}"
EndProject
Global
	GlobalSection(SolutionConfigurationPlatforms) = preSolution
		Debug|Any CPU = Debug|Any CPU
		Debug|x64 = Debug|x64
		Debug|x86 = Debug|x86
		Release|Any CPU = Release|Any CPU
		Release|x64 = Release|x64
		Release|x86 = Release|x86
	EndGlobalSection
	GlobalSection(ProjectConfigurationPlatforms) = postSolution
		{3543010B-FD6B-472F-A503-1EFF096082E1}.Debug|Any CPU.ActiveCfg = Debug|Any CPU
		{3543010B-FD6B-472F-A503-1EFF096082E1}.Debug|Any CPU.Build.0 = Debug|Any CPU
		{3543010B-FD6B-472F-A503-1EFF096082E1}.Debug|x64.ActiveCfg = Debug|x64
		{3543010B-FD6B-472F-A503-1EFF096082E1}.Debug|x64.Build.0 = Debug|x64
		{3543010B-FD6B-472F-A503-1EFF096082E1}.Debug|x86.ActiveCfg = Debug|x86
		{3543010B-FD6B-472F-A503-1EFF096082E1}.Debug|x86.Build.0 = Debug|x86
		{3543010B-FD6B-472F-A503-1EFF096082E1}.Release|Any CPU.ActiveCfg = Release|Any CPU
		{3543010B-FD6B-472F-A503-1EFF096082E1}.Release|Any CPU.Build.0 = Release|Any CPU
		{3543010B-FD6B-472F-A503-1EFF096082E1}.Release|x64.ActiveCfg = Release|x64
		{3543010B-FD6B-472F-A503-1EFF096082E1}.Release|x64.Build.0 = Release|x64
		{3543010B-FD6B-472F-A503-1EFF096082E1}.Release|x86.ActiveCfg = Release|x86
		{3543010B-FD6B-472F-A503-1EFF096082E1}.Release|x86.Build.0 = Release|x86
		{9C0EF24B-5C0C-4D59-BC8E-C76A15AC0383}.Debug|Any CPU.ActiveCfg = Debug|Any CPU
		{9C0EF24B-5C0C-4D59-BC8E-C76A15AC0383}.Debug|Any CPU.Build.0 = Debug|Any CPU
		{9C0EF24B-5C0C-4D59-BC8E-C76A15AC0383}.Debug|x64.ActiveCfg = Debug|x64
		{9C0EF24B-5C0C-4D59-BC8E-C76A15AC0383}.Debug|x64.Build.0 = Debug|x64
		{9C0EF24B-5C0C-4D59-BC8E-C76A15AC0383}.Debug|x86.ActiveCfg = Debug|x86
		{9C0EF24B-5C0C-4D59-BC8E-C76A15AC0383}.Debug|x86.Build.0 = Debug|x86
		{9C0EF24B-5C0C-4D59-BC8E-C76A15AC0383}.Release|Any CPU.ActiveCfg = Release|Any CPU
		{9C0EF24B-5C0C-4D59-BC8E-C76A15AC0383}.Release|Any CPU.Build.0 = Release|Any CPU
		{9C0EF24B-5C0C-4D59-BC8E-C76A15AC0383}.Release|x64.ActiveCfg = Release|x64
		{9C0EF24B-5C0C-4D59-BC8E-C76A15AC0383}.Release|x64.Build.0 = Release|x64
		{9C0EF24B-5C0C-4D59-BC8E-C76A15AC0383}.Release|x86.ActiveCfg = Release|x86
		{9C0EF24B-5C0C-4D59-BC8E-C76A15AC0383}.Release|x86.Build.0 = Release|x86
		{51FB01BD-8D3F-4984-B71C-089F331F64DF}.Debug|Any CPU.ActiveCfg = Debug|x64
		{51FB01BD-8D3F-4984-B71C-089F331F64DF}.Debug|Any CPU.Build.0 = Debug|x64
		{51FB01BD-8D3F-4984-B71C-089F331F64DF}.Debug|x64.ActiveCfg = Debug|x64
		{51FB01BD-8D3F-4984-B71C-089F331F64DF}.Debug|x64.Build.0 = Debug|x64
		{51FB01BD-8D3F-4984-B71C-089F331F64DF}.Debug|x86.ActiveCfg = Debug|Win32
		{51FB01BD-8D3F-4984-B71C-089F331F64DF}.Debug|x86.Build.0 = Debug|Win32
		{51FB01BD-8D3F-4984-B71C-089F331F64DF}.Release|Any CPU.ActiveCfg = Release|x64
		{51FB01BD-8D3F-4984-B71C-089F331F64DF}.Release|Any CPU.Build.0 = Release|x64
		{51FB01BD-8D3F-4984-B71C-089F331F64DF}.Release|x64.ActiveCfg = Release|x64
		{51FB01BD-8D3F-4984-B71C-089F331F64DF}.Release|x64.Build.0 = Release|x64
		{51FB01BD-8D3F-4984-B71C-089F331F64DF}.Release|x86.ActiveCfg = Release|Win32
		{51FB01BD-8D3F-4984-B71C-089F331F64DF}.Release|x86.Build.0 = Release|Win32
	EndGlobalSection
	GlobalSection(SolutionProperties) = preSolution
		HideSolutionNode = FALSE
	EndGlobalSection
	GlobalSection(ExtensibilityGlobals) = postSolution
		SolutionGuid = {44E4DDE8-0AF6-4E54-BE5F-3F0D0303D4E7}
	EndGlobalSection
EndGlobal
